// !$*UTF8*$!
{
	archiveVersion = 1;
	classes = {
	};
	objectVersion = 50;
	objects = {

/* Begin PBXBuildFile section */
		83F9108725B42A7F0055F096 /* Assets.xcassets in Resources */ = {isa = PBXBuildFile; fileRef = 83F9108625B42A7F0055F096 /* Assets.xcassets */; };
		83F9108E25B42A7F0055F096 /* Affection MessagesExtension.appex in Embed App Extensions */ = {isa = PBXBuildFile; fileRef = 83F9108D25B42A7F0055F096 /* Affection MessagesExtension.appex */; settings = {ATTRIBUTES = (RemoveHeadersOnCopy, ); }; };
		83F9109325B42A7F0055F096 /* Messages.framework in Frameworks */ = {isa = PBXBuildFile; fileRef = 83F9109225B42A7F0055F096 /* Messages.framework */; };
		83F9109625B42A7F0055F096 /* MessagesViewController.swift in Sources */ = {isa = PBXBuildFile; fileRef = 83F9109525B42A7F0055F096 /* MessagesViewController.swift */; };
		83F9109925B42A7F0055F096 /* MainInterface.storyboard in Resources */ = {isa = PBXBuildFile; fileRef = 83F9109725B42A7F0055F096 /* MainInterface.storyboard */; };
		83F9109B25B42A7F0055F096 /* Assets.xcassets in Resources */ = {isa = PBXBuildFile; fileRef = 83F9109A25B42A7F0055F096 /* Assets.xcassets */; };
		83F910AB25B4C5DF0055F096 /* AffectModel.swift in Sources */ = {isa = PBXBuildFile; fileRef = 83F910AA25B4C5DF0055F096 /* AffectModel.swift */; };
		83F910AF25B4E8040055F096 /* AffectCollectionViewController.swift in Sources */ = {isa = PBXBuildFile; fileRef = 83F910AE25B4E8040055F096 /* AffectCollectionViewController.swift */; };
		83F910B325B4EF560055F096 /* CreateAffectViewController.swift in Sources */ = {isa = PBXBuildFile; fileRef = 83F910B225B4EF560055F096 /* CreateAffectViewController.swift */; };
		83F910B725B4F7280055F096 /* AffectItemCell.swift in Sources */ = {isa = PBXBuildFile; fileRef = 83F910B625B4F7280055F096 /* AffectItemCell.swift */; };
/* End PBXBuildFile section */

/* Begin PBXContainerItemProxy section */
		83F9108F25B42A7F0055F096 /* PBXContainerItemProxy */ = {
			isa = PBXContainerItemProxy;
			containerPortal = 83F9107D25B42A7E0055F096 /* Project object */;
			proxyType = 1;
			remoteGlobalIDString = 83F9108C25B42A7F0055F096;
			remoteInfo = "Affection MessagesExtension";
		};
/* End PBXContainerItemProxy section */

/* Begin PBXCopyFilesBuildPhase section */
		83F910A225B42A7F0055F096 /* Embed App Extensions */ = {
			isa = PBXCopyFilesBuildPhase;
			buildActionMask = 2147483647;
			dstPath = "";
			dstSubfolderSpec = 13;
			files = (
				83F9108E25B42A7F0055F096 /* Affection MessagesExtension.appex in Embed App Extensions */,
			);
			name = "Embed App Extensions";
			runOnlyForDeploymentPostprocessing = 0;
		};
/* End PBXCopyFilesBuildPhase section */

/* Begin PBXFileReference section */
		83F9108325B42A7E0055F096 /* Affection.app */ = {isa = PBXFileReference; explicitFileType = wrapper.application; includeInIndex = 0; path = Affection.app; sourceTree = BUILT_PRODUCTS_DIR; };
		83F9108625B42A7F0055F096 /* Assets.xcassets */ = {isa = PBXFileReference; lastKnownFileType = folder.assetcatalog; path = Assets.xcassets; sourceTree = "<group>"; };
		83F9108825B42A7F0055F096 /* Info.plist */ = {isa = PBXFileReference; lastKnownFileType = text.plist.xml; path = Info.plist; sourceTree = "<group>"; };
		83F9108D25B42A7F0055F096 /* Affection MessagesExtension.appex */ = {isa = PBXFileReference; explicitFileType = "wrapper.app-extension"; includeInIndex = 0; path = "Affection MessagesExtension.appex"; sourceTree = BUILT_PRODUCTS_DIR; };
		83F9109225B42A7F0055F096 /* Messages.framework */ = {isa = PBXFileReference; lastKnownFileType = wrapper.framework; name = Messages.framework; path = System/Library/Frameworks/Messages.framework; sourceTree = SDKROOT; };
		83F9109525B42A7F0055F096 /* MessagesViewController.swift */ = {isa = PBXFileReference; lastKnownFileType = sourcecode.swift; path = MessagesViewController.swift; sourceTree = "<group>"; };
		83F9109825B42A7F0055F096 /* Base */ = {isa = PBXFileReference; lastKnownFileType = file.storyboard; name = Base; path = Base.lproj/MainInterface.storyboard; sourceTree = "<group>"; };
		83F9109A25B42A7F0055F096 /* Assets.xcassets */ = {isa = PBXFileReference; lastKnownFileType = folder.assetcatalog; path = Assets.xcassets; sourceTree = "<group>"; };
		83F9109C25B42A7F0055F096 /* Info.plist */ = {isa = PBXFileReference; lastKnownFileType = text.plist.xml; path = Info.plist; sourceTree = "<group>"; };
		83F910AA25B4C5DF0055F096 /* AffectModel.swift */ = {isa = PBXFileReference; lastKnownFileType = sourcecode.swift; path = AffectModel.swift; sourceTree = "<group>"; };
		83F910AE25B4E8040055F096 /* AffectCollectionViewController.swift */ = {isa = PBXFileReference; lastKnownFileType = sourcecode.swift; path = AffectCollectionViewController.swift; sourceTree = "<group>"; };
		83F910B225B4EF560055F096 /* CreateAffectViewController.swift */ = {isa = PBXFileReference; lastKnownFileType = sourcecode.swift; path = CreateAffectViewController.swift; sourceTree = "<group>"; };
		83F910B625B4F7280055F096 /* AffectItemCell.swift */ = {isa = PBXFileReference; lastKnownFileType = sourcecode.swift; path = AffectItemCell.swift; sourceTree = "<group>"; };
/* End PBXFileReference section */

/* Begin PBXFrameworksBuildPhase section */
		83F9108A25B42A7F0055F096 /* Frameworks */ = {
			isa = PBXFrameworksBuildPhase;
			buildActionMask = 2147483647;
			files = (
				83F9109325B42A7F0055F096 /* Messages.framework in Frameworks */,
			);
			runOnlyForDeploymentPostprocessing = 0;
		};
/* End PBXFrameworksBuildPhase section */

/* Begin PBXGroup section */
		83F9107C25B42A7E0055F096 = {
			isa = PBXGroup;
			children = (
				83F9108525B42A7E0055F096 /* Affection */,
				83F9109425B42A7F0055F096 /* Affection MessagesExtension */,
				83F9109125B42A7F0055F096 /* Frameworks */,
				83F9108425B42A7E0055F096 /* Products */,
			);
			sourceTree = "<group>";
		};
		83F9108425B42A7E0055F096 /* Products */ = {
			isa = PBXGroup;
			children = (
				83F9108325B42A7E0055F096 /* Affection.app */,
				83F9108D25B42A7F0055F096 /* Affection MessagesExtension.appex */,
			);
			name = Products;
			sourceTree = "<group>";
		};
		83F9108525B42A7E0055F096 /* Affection */ = {
			isa = PBXGroup;
			children = (
				83F9108625B42A7F0055F096 /* Assets.xcassets */,
				83F9108825B42A7F0055F096 /* Info.plist */,
			);
			path = Affection;
			sourceTree = "<group>";
		};
		83F9109125B42A7F0055F096 /* Frameworks */ = {
			isa = PBXGroup;
			children = (
				83F9109225B42A7F0055F096 /* Messages.framework */,
			);
			name = Frameworks;
			sourceTree = "<group>";
		};
		83F9109425B42A7F0055F096 /* Affection MessagesExtension */ = {
			isa = PBXGroup;
			children = (
				83F9109525B42A7F0055F096 /* MessagesViewController.swift */,
				83F9109725B42A7F0055F096 /* MainInterface.storyboard */,
				83F9109A25B42A7F0055F096 /* Assets.xcassets */,
				83F9109C25B42A7F0055F096 /* Info.plist */,
				83F910AA25B4C5DF0055F096 /* AffectModel.swift */,
				83F910AE25B4E8040055F096 /* AffectCollectionViewController.swift */,
				83F910B225B4EF560055F096 /* CreateAffectViewController.swift */,
				83F910B625B4F7280055F096 /* AffectItemCell.swift */,
			);
			path = "Affection MessagesExtension";
			sourceTree = "<group>";
		};
/* End PBXGroup section */

/* Begin PBXNativeTarget section */
		83F9108225B42A7E0055F096 /* Affection */ = {
			isa = PBXNativeTarget;
			buildConfigurationList = 83F910A325B42A7F0055F096 /* Build configuration list for PBXNativeTarget "Affection" */;
			buildPhases = (
				83F9108125B42A7E0055F096 /* Resources */,
				83F910A225B42A7F0055F096 /* Embed App Extensions */,
			);
			buildRules = (
			);
			dependencies = (
				83F9109025B42A7F0055F096 /* PBXTargetDependency */,
			);
			name = Affection;
			productName = Affection;
			productReference = 83F9108325B42A7E0055F096 /* Affection.app */;
			productType = "com.apple.product-type.application.messages";
		};
		83F9108C25B42A7F0055F096 /* Affection MessagesExtension */ = {
			isa = PBXNativeTarget;
			buildConfigurationList = 83F9109F25B42A7F0055F096 /* Build configuration list for PBXNativeTarget "Affection MessagesExtension" */;
			buildPhases = (
				83F9108925B42A7F0055F096 /* Sources */,
				83F9108A25B42A7F0055F096 /* Frameworks */,
				83F9108B25B42A7F0055F096 /* Resources */,
			);
			buildRules = (
			);
			dependencies = (
			);
			name = "Affection MessagesExtension";
			productName = "Affection MessagesExtension";
			productReference = 83F9108D25B42A7F0055F096 /* Affection MessagesExtension.appex */;
			productType = "com.apple.product-type.app-extension.messages";
		};
/* End PBXNativeTarget section */

/* Begin PBXProject section */
		83F9107D25B42A7E0055F096 /* Project object */ = {
			isa = PBXProject;
			attributes = {
				LastSwiftUpdateCheck = 1230;
				LastUpgradeCheck = 1230;
				TargetAttributes = {
					83F9108225B42A7E0055F096 = {
						CreatedOnToolsVersion = 12.3;
					};
					83F9108C25B42A7F0055F096 = {
						CreatedOnToolsVersion = 12.3;
					};
				};
			};
			buildConfigurationList = 83F9108025B42A7E0055F096 /* Build configuration list for PBXProject "Affection" */;
			compatibilityVersion = "Xcode 9.3";
			developmentRegion = en;
			hasScannedForEncodings = 0;
			knownRegions = (
				en,
				Base,
			);
			mainGroup = 83F9107C25B42A7E0055F096;
			productRefGroup = 83F9108425B42A7E0055F096 /* Products */;
			projectDirPath = "";
			projectRoot = "";
			targets = (
				83F9108225B42A7E0055F096 /* Affection */,
				83F9108C25B42A7F0055F096 /* Affection MessagesExtension */,
			);
		};
/* End PBXProject section */

/* Begin PBXResourcesBuildPhase section */
		83F9108125B42A7E0055F096 /* Resources */ = {
			isa = PBXResourcesBuildPhase;
			buildActionMask = 2147483647;
			files = (
				83F9108725B42A7F0055F096 /* Assets.xcassets in Resources */,
			);
			runOnlyForDeploymentPostprocessing = 0;
		};
		83F9108B25B42A7F0055F096 /* Resources */ = {
			isa = PBXResourcesBuildPhase;
			buildActionMask = 2147483647;
			files = (
				83F9109B25B42A7F0055F096 /* Assets.xcassets in Resources */,
				83F9109925B42A7F0055F096 /* MainInterface.storyboard in Resources */,
			);
			runOnlyForDeploymentPostprocessing = 0;
		};
/* End PBXResourcesBuildPhase section */

/* Begin PBXSourcesBuildPhase section */
		83F9108925B42A7F0055F096 /* Sources */ = {
			isa = PBXSourcesBuildPhase;
			buildActionMask = 2147483647;
			files = (
				83F910B725B4F7280055F096 /* AffectItemCell.swift in Sources */,
				83F910AB25B4C5DF0055F096 /* AffectModel.swift in Sources */,
				83F910AF25B4E8040055F096 /* AffectCollectionViewController.swift in Sources */,
				83F910B325B4EF560055F096 /* CreateAffectViewController.swift in Sources */,
				83F9109625B42A7F0055F096 /* MessagesViewController.swift in Sources */,
			);
			runOnlyForDeploymentPostprocessing = 0;
		};
/* End PBXSourcesBuildPhase section */

/* Begin PBXTargetDependency section */
		83F9109025B42A7F0055F096 /* PBXTargetDependency */ = {
			isa = PBXTargetDependency;
			target = 83F9108C25B42A7F0055F096 /* Affection MessagesExtension */;
			targetProxy = 83F9108F25B42A7F0055F096 /* PBXContainerItemProxy */;
		};
/* End PBXTargetDependency section */

/* Begin PBXVariantGroup section */
		83F9109725B42A7F0055F096 /* MainInterface.storyboard */ = {
			isa = PBXVariantGroup;
			children = (
				83F9109825B42A7F0055F096 /* Base */,
			);
			name = MainInterface.storyboard;
			sourceTree = "<group>";
		};
/* End PBXVariantGroup section */

/* Begin XCBuildConfiguration section */
		83F9109D25B42A7F0055F096 /* Debug */ = {
			isa = XCBuildConfiguration;
			buildSettings = {
				ALWAYS_SEARCH_USER_PATHS = NO;
				CLANG_ANALYZER_NONNULL = YES;
				CLANG_ANALYZER_NUMBER_OBJECT_CONVERSION = YES_AGGRESSIVE;
				CLANG_CXX_LANGUAGE_STANDARD = "gnu++14";
				CLANG_CXX_LIBRARY = "libc++";
				CLANG_ENABLE_MODULES = YES;
				CLANG_ENABLE_OBJC_ARC = YES;
				CLANG_ENABLE_OBJC_WEAK = YES;
				CLANG_WARN_BLOCK_CAPTURE_AUTORELEASING = YES;
				CLANG_WARN_BOOL_CONVERSION = YES;
				CLANG_WARN_COMMA = YES;
				CLANG_WARN_CONSTANT_CONVERSION = YES;
				CLANG_WARN_DEPRECATED_OBJC_IMPLEMENTATIONS = YES;
				CLANG_WARN_DIRECT_OBJC_ISA_USAGE = YES_ERROR;
				CLANG_WARN_DOCUMENTATION_COMMENTS = YES;
				CLANG_WARN_EMPTY_BODY = YES;
				CLANG_WARN_ENUM_CONVERSION = YES;
				CLANG_WARN_INFINITE_RECURSION = YES;
				CLANG_WARN_INT_CONVERSION = YES;
				CLANG_WARN_NON_LITERAL_NULL_CONVERSION = YES;
				CLANG_WARN_OBJC_IMPLICIT_RETAIN_SELF = YES;
				CLANG_WARN_OBJC_LITERAL_CONVERSION = YES;
				CLANG_WARN_OBJC_ROOT_CLASS = YES_ERROR;
				CLANG_WARN_QUOTED_INCLUDE_IN_FRAMEWORK_HEADER = YES;
				CLANG_WARN_RANGE_LOOP_ANALYSIS = YES;
				CLANG_WARN_STRICT_PROTOTYPES = YES;
				CLANG_WARN_SUSPICIOUS_MOVE = YES;
				CLANG_WARN_UNGUARDED_AVAILABILITY = YES_AGGRESSIVE;
				CLANG_WARN_UNREACHABLE_CODE = YES;
				CLANG_WARN__DUPLICATE_METHOD_MATCH = YES;
				COPY_PHASE_STRIP = NO;
				DEBUG_INFORMATION_FORMAT = dwarf;
				ENABLE_STRICT_OBJC_MSGSEND = YES;
				ENABLE_TESTABILITY = YES;
				GCC_C_LANGUAGE_STANDARD = gnu11;
				GCC_DYNAMIC_NO_PIC = NO;
				GCC_NO_COMMON_BLOCKS = YES;
				GCC_OPTIMIZATION_LEVEL = 0;
				GCC_PREPROCESSOR_DEFINITIONS = (
					"DEBUG=1",
					"$(inherited)",
				);
				GCC_WARN_64_TO_32_BIT_CONVERSION = YES;
				GCC_WARN_ABOUT_RETURN_TYPE = YES_ERROR;
				GCC_WARN_UNDECLARED_SELECTOR = YES;
				GCC_WARN_UNINITIALIZED_AUTOS = YES_AGGRESSIVE;
				GCC_WARN_UNUSED_FUNCTION = YES;
				GCC_WARN_UNUSED_VARIABLE = YES;
				IPHONEOS_DEPLOYMENT_TARGET = 14.3;
				MTL_ENABLE_DEBUG_INFO = INCLUDE_SOURCE;
				MTL_FAST_MATH = YES;
				ONLY_ACTIVE_ARCH = YES;
				SDKROOT = iphoneos;
				SWIFT_ACTIVE_COMPILATION_CONDITIONS = DEBUG;
				SWIFT_OPTIMIZATION_LEVEL = "-Onone";
			};
			name = Debug;
		};
		83F9109E25B42A7F0055F096 /* Release */ = {
			isa = XCBuildConfiguration;
			buildSettings = {
				ALWAYS_SEARCH_USER_PATHS = NO;
				CLANG_ANALYZER_NONNULL = YES;
				CLANG_ANALYZER_NUMBER_OBJECT_CONVERSION = YES_AGGRESSIVE;
				CLANG_CXX_LANGUAGE_STANDARD = "gnu++14";
				CLANG_CXX_LIBRARY = "libc++";
				CLANG_ENABLE_MODULES = YES;
				CLANG_ENABLE_OBJC_ARC = YES;
				CLANG_ENABLE_OBJC_WEAK = YES;
				CLANG_WARN_BLOCK_CAPTURE_AUTORELEASING = YES;
				CLANG_WARN_BOOL_CONVERSION = YES;
				CLANG_WARN_COMMA = YES;
				CLANG_WARN_CONSTANT_CONVERSION = YES;
				CLANG_WARN_DEPRECATED_OBJC_IMPLEMENTATIONS = YES;
				CLANG_WARN_DIRECT_OBJC_ISA_USAGE = YES_ERROR;
				CLANG_WARN_DOCUMENTATION_COMMENTS = YES;
				CLANG_WARN_EMPTY_BODY = YES;
				CLANG_WARN_ENUM_CONVERSION = YES;
				CLANG_WARN_INFINITE_RECURSION = YES;
				CLANG_WARN_INT_CONVERSION = YES;
				CLANG_WARN_NON_LITERAL_NULL_CONVERSION = YES;
				CLANG_WARN_OBJC_IMPLICIT_RETAIN_SELF = YES;
				CLANG_WARN_OBJC_LITERAL_CONVERSION = YES;
				CLANG_WARN_OBJC_ROOT_CLASS = YES_ERROR;
				CLANG_WARN_QUOTED_INCLUDE_IN_FRAMEWORK_HEADER = YES;
				CLANG_WARN_RANGE_LOOP_ANALYSIS = YES;
				CLANG_WARN_STRICT_PROTOTYPES = YES;
				CLANG_WARN_SUSPICIOUS_MOVE = YES;
				CLANG_WARN_UNGUARDED_AVAILABILITY = YES_AGGRESSIVE;
				CLANG_WARN_UNREACHABLE_CODE = YES;
				CLANG_WARN__DUPLICATE_METHOD_MATCH = YES;
				COPY_PHASE_STRIP = NO;
				DEBUG_INFORMATION_FORMAT = "dwarf-with-dsym";
				ENABLE_NS_ASSERTIONS = NO;
				ENABLE_STRICT_OBJC_MSGSEND = YES;
				GCC_C_LANGUAGE_STANDARD = gnu11;
				GCC_NO_COMMON_BLOCKS = YES;
				GCC_WARN_64_TO_32_BIT_CONVERSION = YES;
				GCC_WARN_ABOUT_RETURN_TYPE = YES_ERROR;
				GCC_WARN_UNDECLARED_SELECTOR = YES;
				GCC_WARN_UNINITIALIZED_AUTOS = YES_AGGRESSIVE;
				GCC_WARN_UNUSED_FUNCTION = YES;
				GCC_WARN_UNUSED_VARIABLE = YES;
				IPHONEOS_DEPLOYMENT_TARGET = 14.3;
				MTL_ENABLE_DEBUG_INFO = NO;
				MTL_FAST_MATH = YES;
				SDKROOT = iphoneos;
				SWIFT_COMPILATION_MODE = wholemodule;
				SWIFT_OPTIMIZATION_LEVEL = "-O";
				VALIDATE_PRODUCT = YES;
			};
			name = Release;
		};
		83F910A025B42A7F0055F096 /* Debug */ = {
			isa = XCBuildConfiguration;
			buildSettings = {
				ASSETCATALOG_COMPILER_APPICON_NAME = "iMessage App Icon";
				CODE_SIGN_STYLE = Automatic;
				DEVELOPMENT_TEAM = ZDG5JG56X6;
				INFOPLIST_FILE = "Affection MessagesExtension/Info.plist";
				LD_RUNPATH_SEARCH_PATHS = (
					"$(inherited)",
					"@executable_path/Frameworks",
					"@executable_path/../../Frameworks",
				);
				PRODUCT_BUNDLE_IDENTIFIER = com.pshco.Affection.MessagesExtension;
				PRODUCT_NAME = "$(TARGET_NAME)";
				SKIP_INSTALL = YES;
				SWIFT_VERSION = 5.0;
				TARGETED_DEVICE_FAMILY = "1,2";
			};
			name = Debug;
		};
		83F910A125B42A7F0055F096 /* Release */ = {
			isa = XCBuildConfiguration;
			buildSettings = {
				ASSETCATALOG_COMPILER_APPICON_NAME = "iMessage App Icon";
				CODE_SIGN_STYLE = Automatic;
				DEVELOPMENT_TEAM = ZDG5JG56X6;
				INFOPLIST_FILE = "Affection MessagesExtension/Info.plist";
				LD_RUNPATH_SEARCH_PATHS = (
					"$(inherited)",
					"@executable_path/Frameworks",
					"@executable_path/../../Frameworks",
				);
				PRODUCT_BUNDLE_IDENTIFIER = com.pshco.Affection.MessagesExtension;
				PRODUCT_NAME = "$(TARGET_NAME)";
				SKIP_INSTALL = YES;
				SWIFT_VERSION = 5.0;
				TARGETED_DEVICE_FAMILY = "1,2";
			};
			name = Release;
		};
		83F910A425B42A7F0055F096 /* Debug */ = {
			isa = XCBuildConfiguration;
			buildSettings = {
				ALWAYS_EMBED_SWIFT_STANDARD_LIBRARIES = YES;
				ASSETCATALOG_COMPILER_APPICON_NAME = AppIcon;
				CODE_SIGN_STYLE = Automatic;
				DEVELOPMENT_TEAM = ZDG5JG56X6;
				INFOPLIST_FILE = Affection/Info.plist;
				PRODUCT_BUNDLE_IDENTIFIER = com.pshco.Affection;
				PRODUCT_NAME = "$(TARGET_NAME)";
				SWIFT_VERSION = 5.0;
				TARGETED_DEVICE_FAMILY = "1,2";
			};
			name = Debug;
		};
		83F910A525B42A7F0055F096 /* Release */ = {
			isa = XCBuildConfiguration;
			buildSettings = {
				ALWAYS_EMBED_SWIFT_STANDARD_LIBRARIES = YES;
				ASSETCATALOG_COMPILER_APPICON_NAME = AppIcon;
				CODE_SIGN_STYLE = Automatic;
				DEVELOPMENT_TEAM = ZDG5JG56X6;
				INFOPLIST_FILE = Affection/Info.plist;
				PRODUCT_BUNDLE_IDENTIFIER = com.pshco.Affection;
				PRODUCT_NAME = "$(TARGET_NAME)";
				SWIFT_VERSION = 5.0;
				TARGETED_DEVICE_FAMILY = "1,2";
			};
			name = Release;
		};
/* End XCBuildConfiguration section */

/* Begin XCConfigurationList section */
		83F9108025B42A7E0055F096 /* Build configuration list for PBXProject "Affection" */ = {
			isa = XCConfigurationList;
			buildConfigurations = (
				83F9109D25B42A7F0055F096 /* Debug */,
				83F9109E25B42A7F0055F096 /* Release */,
			);
			defaultConfigurationIsVisible = 0;
			defaultConfigurationName = Release;
		};
		83F9109F25B42A7F0055F096 /* Build configuration list for PBXNativeTarget "Affection MessagesExtension" */ = {
			isa = XCConfigurationList;
			buildConfigurations = (
				83F910A025B42A7F0055F096 /* Debug */,
				83F910A125B42A7F0055F096 /* Release */,
			);
			defaultConfigurationIsVisible = 0;
			defaultConfigurationName = Release;
		};
		83F910A325B42A7F0055F096 /* Build configuration list for PBXNativeTarget "Affection" */ = {
			isa = XCConfigurationList;
			buildConfigurations = (
				83F910A425B42A7F0055F096 /* Debug */,
				83F910A525B42A7F0055F096 /* Release */,
			);
			defaultConfigurationIsVisible = 0;
			defaultConfigurationName = Release;
		};
/* End XCConfigurationList section */
	};
	rootObject = 83F9107D25B42A7E0055F096 /* Project object */;
}
